Microsoft Visual Studio Solution File, Format Version 9.00
# Visual Studio 2005
Project("{FAE04EC0-301F-11D3-BF4B-00C04F79EFBC}") = "ULCT06", "ULCT06.csproj", "{7C8BA68C-003D-48B5-A159-A8E1B2D21D8E}"
EndProject
Global
	GlobalSection(SolutionConfigurationPlatforms) = preSolution
		Debug|Any CPU = Debug|Any CPU
		Release|Any CPU = Release|Any CPU
	EndGlobalSection
	GlobalSection(ProjectConfigurationPlatforms) = postSolution
		{7C8BA68C-003D-48B5-A159-A8E1B2D21D8E}.Debug|Any CPU.ActiveCfg = Debug|Any CPU
		{7C8BA68C-003D-48B5-A159-A8E1B2D21D8E}.Debug|Any CPU.Build.0 = Debug|Any CPU
		{7C8BA68C-003D-48B5-A159-A8E1B2D21D8E}.Release|Any CPU.ActiveCfg = Release|Any CPU
		{7C8BA68C-003D-48B5-A159-A8E1B2D21D8E}.Release|Any CPU.Build.0 = Release|Any CPU
	EndGlobalSection
	GlobalSection(SolutionProperties) = preSolution
		HideSolutionNode = FALSE
	EndGlobalSection
EndGlobal
