Microsoft Visual Studio Solution File, Format Version 9.00
# Visual Studio 2005
Project("{FAE04EC0-301F-11D3-BF4B-00C04F79EFBC}") = "ULCT01", "ULCT01.csproj", "{5A0E018C-5FF2-4BF8-BC29-E6733755FE1B}"
EndProject
Global
	GlobalSection(SolutionConfigurationPlatforms) = preSolution
		Debug|Any CPU = Debug|Any CPU
		Release|Any CPU = Release|Any CPU
	EndGlobalSection
	GlobalSection(ProjectConfigurationPlatforms) = postSolution
		{5A0E018C-5FF2-4BF8-BC29-E6733755FE1B}.Debug|Any CPU.ActiveCfg = Debug|Any CPU
		{5A0E018C-5FF2-4BF8-BC29-E6733755FE1B}.Debug|Any CPU.Build.0 = Debug|Any CPU
		{5A0E018C-5FF2-4BF8-BC29-E6733755FE1B}.Release|Any CPU.ActiveCfg = Release|Any CPU
		{5A0E018C-5FF2-4BF8-BC29-E6733755FE1B}.Release|Any CPU.Build.0 = Release|Any CPU
	EndGlobalSection
	GlobalSection(SolutionProperties) = preSolution
		HideSolutionNode = FALSE
	EndGlobalSection
EndGlobal
